
Microsoft Visual Studio Solution File, Format Version 12.00
# Visual Studio Version 16
VisualStudioVersion = 16.0.29920.165
MinimumVisualStudioVersion = 10.0.40219.1
Project("{FAE04EC0-301F-11D3-BF4B-00C04F79EFBC}") = "cw1", "cw1\cw1.csproj", "{BD2FEEA6-B0F7-4CC6-9578-2A72D7CB5E43}"
EndProject
Global
	GlobalSection(SolutionConfigurationPlatforms) = preSolution
		Debug|Any CPU = Debug|Any CPU
		Release|Any CPU = Release|Any CPU
	EndGlobalSection
	GlobalSection(ProjectConfigurationPlatforms) = postSolution
		{BD2FEEA6-B0F7-4CC6-9578-2A72D7CB5E43}.Debug|Any CPU.ActiveCfg = Debug|Any CPU
		{BD2FEEA6-B0F7-4CC6-9578-2A72D7CB5E43}.Debug|Any CPU.Build.0 = Debug|Any CPU
		{BD2FEEA6-B0F7-4CC6-9578-2A72D7CB5E43}.Release|Any CPU.ActiveCfg = Release|Any CPU
		{BD2FEEA6-B0F7-4CC6-9578-2A72D7CB5E43}.Release|Any CPU.Build.0 = Release|Any CPU
	EndGlobalSection
	GlobalSection(SolutionProperties) = preSolution
		HideSolutionNode = FALSE
	EndGlobalSection
	GlobalSection(ExtensibilityGlobals) = postSolution
		SolutionGuid = {3C890EE9-DF33-4A8E-9488-CCAC0CA82C2E}
	EndGlobalSection
EndGlobal
